
Microsoft Visual Studio Solution File, Format Version 12.00
Project("{2150E333-8FDC-42A3-9474-1A3956D46DE8}") = "HT_1", "HT_1", "{0489CFC2-3B73-43A4-A9B2-840E97F9C9E9}"
EndProject
Project("{FAE04EC0-301F-11D3-BF4B-00C04F79EFBC}") = "Home_Task_1", "Home_Task_1\Home_Task_1.csproj", "{3826E7F9-445B-4127-8DB7-4342CAE19377}"
EndProject
Project("{2150E333-8FDC-42A3-9474-1A3956D46DE8}") = "HT_10", "HT_10", "{4C5C74D5-A33A-4151-B6F7-2987E71AB636}"
EndProject
Project("{FAE04EC0-301F-11D3-BF4B-00C04F79EFBC}") = "HT_10", "HT_10\HT_10.csproj", "{9F0154BF-2ECB-4C4A-A388-1851B186363C}"
EndProject
Project("{2150E333-8FDC-42A3-9474-1A3956D46DE8}") = "HT_11", "HT_11", "{F0955708-54DD-4021-898B-D52F72AC4E4C}"
EndProject
Project("{FAE04EC0-301F-11D3-BF4B-00C04F79EFBC}") = "TodoList", "TodoList\TodoList.csproj", "{2E002857-2528-439A-8912-1DAA7B5D0E3E}"
EndProject
Project("{FAE04EC0-301F-11D3-BF4B-00C04F79EFBC}") = "MusicPlayer", "MusicPlayer\MusicPlayer.csproj", "{28FD39BE-ADDD-4DE9-8B9F-13F4C2B7D682}"
EndProject
Project("{2150E333-8FDC-42A3-9474-1A3956D46DE8}") = "HT_12", "HT_12", "{8C630C77-990A-438A-9B81-06AE4D6905FD}"
EndProject
Project("{FAE04EC0-301F-11D3-BF4B-00C04F79EFBC}") = "HomeWork_12", "HomeWork_12\HomeWork_12.csproj", "{996E0C59-0635-4DE0-9C61-8BB955E5FE3E}"
EndProject
Project("{2150E333-8FDC-42A3-9474-1A3956D46DE8}") = "HT_13", "HT_13", "{60E66A19-B34E-4951-AA32-1C5C424F04F2}"
EndProject
Project("{FAE04EC0-301F-11D3-BF4B-00C04F79EFBC}") = "HomeWork_13", "HomeWork_13\HomeWork_13.csproj", "{BB81DCD8-3349-44E6-A4B3-CD29AFFD9E25}"
EndProject
Project("{2150E333-8FDC-42A3-9474-1A3956D46DE8}") = "HT_14", "HT_14", "{13971E75-BA4B-4C79-A6FF-BF287CC49CE2}"
EndProject
Project("{FAE04EC0-301F-11D3-BF4B-00C04F79EFBC}") = "HomeWork_14", "HomeWork_14\HomeWork_14.csproj", "{45515EA3-EEDC-4587-B975-002B59EC3FF7}"
EndProject
Project("{2150E333-8FDC-42A3-9474-1A3956D46DE8}") = "HT_15", "HT_15", "{7DD5502D-143F-48F1-86AB-A5E9C660FD82}"
EndProject
Project("{FAE04EC0-301F-11D3-BF4B-00C04F79EFBC}") = "HomeWork_15", "HomeWork_15\HomeWork_15.csproj", "{5B873717-E360-4E2D-8CE9-C495ED3DB800}"
EndProject
Project("{2150E333-8FDC-42A3-9474-1A3956D46DE8}") = "HT_16", "HT_16", "{6DE83D5A-C2F9-44E0-987A-C933B50A9BF5}"
EndProject
Project("{FAE04EC0-301F-11D3-BF4B-00C04F79EFBC}") = "HomeWork_16", "HomeWork_16\HomeWork_16.csproj", "{FC5FD07F-BCBE-4DB7-87A4-5109994A4E73}"
EndProject
Project("{2150E333-8FDC-42A3-9474-1A3956D46DE8}") = "HT_17", "HT_17", "{A05755FE-7D09-498C-8A9F-210BCDCC9EC8}"
EndProject
Project("{FAE04EC0-301F-11D3-BF4B-00C04F79EFBC}") = "HomeWork_17", "HomeWork_17\HomeWork_17.csproj", "{AE9AD8BE-8A6E-4A7D-8BE0-C6FDCA8E0F0C}"
EndProject
Project("{2150E333-8FDC-42A3-9474-1A3956D46DE8}") = "HT_18", "HT_18", "{5D9CEB83-1335-4ADE-8CE6-566DFF733941}"
EndProject
Project("{2150E333-8FDC-42A3-9474-1A3956D46DE8}") = "HT_19", "HT_19", "{F4FA6C03-E953-4E17-A3FC-A650F6B646B1}"
EndProject
Project("{FAE04EC0-301F-11D3-BF4B-00C04F79EFBC}") = "HomeTask_18", "HomeTask_18\HomeTask_18.csproj", "{F8199A2A-3224-44C5-A342-2AFCC5B89BF1}"
EndProject
Project("{FAE04EC0-301F-11D3-BF4B-00C04F79EFBC}") = "HomeWork_19", "HomeWork_19\HomeWork_19.csproj", "{AED14E13-0C30-482F-896D-8C2813673150}"
EndProject
Project("{2150E333-8FDC-42A3-9474-1A3956D46DE8}") = "HT_2", "HT_2", "{60FFFBE2-2D61-4B09-AE91-08707DC6C991}"
EndProject
Project("{FAE04EC0-301F-11D3-BF4B-00C04F79EFBC}") = "HomeWork_2", "HomeWork_2\HomeWork_2.csproj", "{B53B3001-F93E-4CB4-AB92-0AAFFD7B6FCC}"
EndProject
Project("{2150E333-8FDC-42A3-9474-1A3956D46DE8}") = "HT_22", "HT_22", "{20F5A276-A561-4419-B1C4-9327B91BE3D7}"
EndProject
Project("{FAE04EC0-301F-11D3-BF4B-00C04F79EFBC}") = "HomeWork_22", "HomeWork_22\HomeWork_22.csproj", "{DB9E34A5-95D8-4703-B0C7-96258FDF5A2B}"
EndProject
Project("{2150E333-8FDC-42A3-9474-1A3956D46DE8}") = "HT_23", "HT_23", "{516C9977-1AFA-4841-979C-3EF724A0678D}"
EndProject
Project("{FAE04EC0-301F-11D3-BF4B-00C04F79EFBC}") = "HomeWork_23", "HomeWork_23\HomeWork_23.csproj", "{F52BBD62-A1EC-4BDF-B4BD-91CE4F36B6B8}"
EndProject
Project("{2150E333-8FDC-42A3-9474-1A3956D46DE8}") = "HT_24", "HT_24", "{33DC5CE7-F25F-4A6B-B009-AFD9C9C3E1DE}"
EndProject
Project("{FAE04EC0-301F-11D3-BF4B-00C04F79EFBC}") = "HomeWork_24", "HomeWork_24\HomeWork_24.csproj", "{A4E763C9-E5C7-4CBA-9AD1-E82FD77D52E5}"
EndProject
Project("{2150E333-8FDC-42A3-9474-1A3956D46DE8}") = "HT_25", "HT_25", "{037E6234-3FE2-4B16-B602-778BDEDDB2BC}"
EndProject
Project("{FAE04EC0-301F-11D3-BF4B-00C04F79EFBC}") = "HomeWork_25_C23", "HomeWork_25_C23\HomeWork_25_C23.csproj", "{1941E5DA-CCEA-44F6-B84B-D76F1C3F8A8E}"
EndProject
Project("{2150E333-8FDC-42A3-9474-1A3956D46DE8}") = "HT_26", "HT_26", "{95AD36C8-FA07-4D6D-B81F-B51DA0572CB2}"
EndProject
Project("{FAE04EC0-301F-11D3-BF4B-00C04F79EFBC}") = "HomeTask_26_C24", "HomeTask_26_C24\HomeTask_26_C24.csproj", "{4C6E8C47-C7D0-4323-824B-5145E74BE103}"
EndProject
Project("{2150E333-8FDC-42A3-9474-1A3956D46DE8}") = "HT_27", "HT_27", "{FBFC0FA8-B115-4288-8480-BF5FB9316831}"
EndProject
Project("{FAE04EC0-301F-11D3-BF4B-00C04F79EFBC}") = "HomeTask_27_C25", "HomeTask_27_C25\HomeTask_27_C25.csproj", "{B3404AC5-8077-4280-A705-6DED1981A579}"
EndProject
Project("{2150E333-8FDC-42A3-9474-1A3956D46DE8}") = "HT_28", "HT_28", "{39E1ACCC-58C2-4DB5-97A9-B92CAA0D4596}"
EndProject
Project("{2150E333-8FDC-42A3-9474-1A3956D46DE8}") = "HT_29", "HT_29", "{7C91D943-7B54-4E43-9895-8286D760311E}"
EndProject
Project("{2150E333-8FDC-42A3-9474-1A3956D46DE8}") = "HT_30", "HT_30", "{C6142B60-B019-4355-B439-AC87D8DB68B9}"
EndProject
Project("{FAE04EC0-301F-11D3-BF4B-00C04F79EFBC}") = "HomeWork_28_C26", "HomeWork_28_C26\HomeWork_28_C26.csproj", "{01A0DED8-7833-426E-910F-3F6A62BF32A9}"
EndProject
Global
	GlobalSection(SolutionConfigurationPlatforms) = preSolution
		Debug|Any CPU = Debug|Any CPU
		Release|Any CPU = Release|Any CPU
	EndGlobalSection
	GlobalSection(ProjectConfigurationPlatforms) = postSolution
		{3826E7F9-445B-4127-8DB7-4342CAE19377}.Debug|Any CPU.ActiveCfg = Debug|Any CPU
		{3826E7F9-445B-4127-8DB7-4342CAE19377}.Debug|Any CPU.Build.0 = Debug|Any CPU
		{3826E7F9-445B-4127-8DB7-4342CAE19377}.Release|Any CPU.ActiveCfg = Release|Any CPU
		{3826E7F9-445B-4127-8DB7-4342CAE19377}.Release|Any CPU.Build.0 = Release|Any CPU
		{9F0154BF-2ECB-4C4A-A388-1851B186363C}.Debug|Any CPU.ActiveCfg = Debug|Any CPU
		{9F0154BF-2ECB-4C4A-A388-1851B186363C}.Debug|Any CPU.Build.0 = Debug|Any CPU
		{9F0154BF-2ECB-4C4A-A388-1851B186363C}.Release|Any CPU.ActiveCfg = Release|Any CPU
		{9F0154BF-2ECB-4C4A-A388-1851B186363C}.Release|Any CPU.Build.0 = Release|Any CPU
		{2E002857-2528-439A-8912-1DAA7B5D0E3E}.Debug|Any CPU.ActiveCfg = Debug|Any CPU
		{2E002857-2528-439A-8912-1DAA7B5D0E3E}.Debug|Any CPU.Build.0 = Debug|Any CPU
		{2E002857-2528-439A-8912-1DAA7B5D0E3E}.Release|Any CPU.ActiveCfg = Release|Any CPU
		{2E002857-2528-439A-8912-1DAA7B5D0E3E}.Release|Any CPU.Build.0 = Release|Any CPU
		{28FD39BE-ADDD-4DE9-8B9F-13F4C2B7D682}.Debug|Any CPU.ActiveCfg = Debug|Any CPU
		{28FD39BE-ADDD-4DE9-8B9F-13F4C2B7D682}.Debug|Any CPU.Build.0 = Debug|Any CPU
		{28FD39BE-ADDD-4DE9-8B9F-13F4C2B7D682}.Release|Any CPU.ActiveCfg = Release|Any CPU
		{28FD39BE-ADDD-4DE9-8B9F-13F4C2B7D682}.Release|Any CPU.Build.0 = Release|Any CPU
		{996E0C59-0635-4DE0-9C61-8BB955E5FE3E}.Debug|Any CPU.ActiveCfg = Debug|Any CPU
		{996E0C59-0635-4DE0-9C61-8BB955E5FE3E}.Debug|Any CPU.Build.0 = Debug|Any CPU
		{996E0C59-0635-4DE0-9C61-8BB955E5FE3E}.Release|Any CPU.ActiveCfg = Release|Any CPU
		{996E0C59-0635-4DE0-9C61-8BB955E5FE3E}.Release|Any CPU.Build.0 = Release|Any CPU
		{BB81DCD8-3349-44E6-A4B3-CD29AFFD9E25}.Debug|Any CPU.ActiveCfg = Debug|Any CPU
		{BB81DCD8-3349-44E6-A4B3-CD29AFFD9E25}.Debug|Any CPU.Build.0 = Debug|Any CPU
		{BB81DCD8-3349-44E6-A4B3-CD29AFFD9E25}.Release|Any CPU.ActiveCfg = Release|Any CPU
		{BB81DCD8-3349-44E6-A4B3-CD29AFFD9E25}.Release|Any CPU.Build.0 = Release|Any CPU
		{45515EA3-EEDC-4587-B975-002B59EC3FF7}.Debug|Any CPU.ActiveCfg = Debug|Any CPU
		{45515EA3-EEDC-4587-B975-002B59EC3FF7}.Debug|Any CPU.Build.0 = Debug|Any CPU
		{45515EA3-EEDC-4587-B975-002B59EC3FF7}.Release|Any CPU.ActiveCfg = Release|Any CPU
		{45515EA3-EEDC-4587-B975-002B59EC3FF7}.Release|Any CPU.Build.0 = Release|Any CPU
		{5B873717-E360-4E2D-8CE9-C495ED3DB800}.Debug|Any CPU.ActiveCfg = Debug|Any CPU
		{5B873717-E360-4E2D-8CE9-C495ED3DB800}.Debug|Any CPU.Build.0 = Debug|Any CPU
		{5B873717-E360-4E2D-8CE9-C495ED3DB800}.Release|Any CPU.ActiveCfg = Release|Any CPU
		{5B873717-E360-4E2D-8CE9-C495ED3DB800}.Release|Any CPU.Build.0 = Release|Any CPU
		{FC5FD07F-BCBE-4DB7-87A4-5109994A4E73}.Debug|Any CPU.ActiveCfg = Debug|Any CPU
		{FC5FD07F-BCBE-4DB7-87A4-5109994A4E73}.Debug|Any CPU.Build.0 = Debug|Any CPU
		{FC5FD07F-BCBE-4DB7-87A4-5109994A4E73}.Release|Any CPU.ActiveCfg = Release|Any CPU
		{FC5FD07F-BCBE-4DB7-87A4-5109994A4E73}.Release|Any CPU.Build.0 = Release|Any CPU
		{AE9AD8BE-8A6E-4A7D-8BE0-C6FDCA8E0F0C}.Debug|Any CPU.ActiveCfg = Debug|Any CPU
		{AE9AD8BE-8A6E-4A7D-8BE0-C6FDCA8E0F0C}.Debug|Any CPU.Build.0 = Debug|Any CPU
		{AE9AD8BE-8A6E-4A7D-8BE0-C6FDCA8E0F0C}.Release|Any CPU.ActiveCfg = Release|Any CPU
		{AE9AD8BE-8A6E-4A7D-8BE0-C6FDCA8E0F0C}.Release|Any CPU.Build.0 = Release|Any CPU
		{F8199A2A-3224-44C5-A342-2AFCC5B89BF1}.Debug|Any CPU.ActiveCfg = Debug|Any CPU
		{F8199A2A-3224-44C5-A342-2AFCC5B89BF1}.Debug|Any CPU.Build.0 = Debug|Any CPU
		{F8199A2A-3224-44C5-A342-2AFCC5B89BF1}.Release|Any CPU.ActiveCfg = Release|Any CPU
		{F8199A2A-3224-44C5-A342-2AFCC5B89BF1}.Release|Any CPU.Build.0 = Release|Any CPU
		{AED14E13-0C30-482F-896D-8C2813673150}.Debug|Any CPU.ActiveCfg = Debug|Any CPU
		{AED14E13-0C30-482F-896D-8C2813673150}.Debug|Any CPU.Build.0 = Debug|Any CPU
		{AED14E13-0C30-482F-896D-8C2813673150}.Release|Any CPU.ActiveCfg = Release|Any CPU
		{AED14E13-0C30-482F-896D-8C2813673150}.Release|Any CPU.Build.0 = Release|Any CPU
		{B53B3001-F93E-4CB4-AB92-0AAFFD7B6FCC}.Debug|Any CPU.ActiveCfg = Debug|Any CPU
		{B53B3001-F93E-4CB4-AB92-0AAFFD7B6FCC}.Debug|Any CPU.Build.0 = Debug|Any CPU
		{B53B3001-F93E-4CB4-AB92-0AAFFD7B6FCC}.Release|Any CPU.ActiveCfg = Release|Any CPU
		{B53B3001-F93E-4CB4-AB92-0AAFFD7B6FCC}.Release|Any CPU.Build.0 = Release|Any CPU
		{DB9E34A5-95D8-4703-B0C7-96258FDF5A2B}.Debug|Any CPU.ActiveCfg = Debug|Any CPU
		{DB9E34A5-95D8-4703-B0C7-96258FDF5A2B}.Debug|Any CPU.Build.0 = Debug|Any CPU
		{DB9E34A5-95D8-4703-B0C7-96258FDF5A2B}.Release|Any CPU.ActiveCfg = Release|Any CPU
		{DB9E34A5-95D8-4703-B0C7-96258FDF5A2B}.Release|Any CPU.Build.0 = Release|Any CPU
		{F52BBD62-A1EC-4BDF-B4BD-91CE4F36B6B8}.Debug|Any CPU.ActiveCfg = Debug|Any CPU
		{F52BBD62-A1EC-4BDF-B4BD-91CE4F36B6B8}.Debug|Any CPU.Build.0 = Debug|Any CPU
		{F52BBD62-A1EC-4BDF-B4BD-91CE4F36B6B8}.Release|Any CPU.ActiveCfg = Release|Any CPU
		{F52BBD62-A1EC-4BDF-B4BD-91CE4F36B6B8}.Release|Any CPU.Build.0 = Release|Any CPU
		{A4E763C9-E5C7-4CBA-9AD1-E82FD77D52E5}.Debug|Any CPU.ActiveCfg = Debug|Any CPU
		{A4E763C9-E5C7-4CBA-9AD1-E82FD77D52E5}.Debug|Any CPU.Build.0 = Debug|Any CPU
		{A4E763C9-E5C7-4CBA-9AD1-E82FD77D52E5}.Release|Any CPU.ActiveCfg = Release|Any CPU
		{A4E763C9-E5C7-4CBA-9AD1-E82FD77D52E5}.Release|Any CPU.Build.0 = Release|Any CPU
		{1941E5DA-CCEA-44F6-B84B-D76F1C3F8A8E}.Debug|Any CPU.ActiveCfg = Debug|Any CPU
		{1941E5DA-CCEA-44F6-B84B-D76F1C3F8A8E}.Debug|Any CPU.Build.0 = Debug|Any CPU
		{1941E5DA-CCEA-44F6-B84B-D76F1C3F8A8E}.Release|Any CPU.ActiveCfg = Release|Any CPU
		{1941E5DA-CCEA-44F6-B84B-D76F1C3F8A8E}.Release|Any CPU.Build.0 = Release|Any CPU
		{4C6E8C47-C7D0-4323-824B-5145E74BE103}.Debug|Any CPU.ActiveCfg = Debug|Any CPU
		{4C6E8C47-C7D0-4323-824B-5145E74BE103}.Debug|Any CPU.Build.0 = Debug|Any CPU
		{4C6E8C47-C7D0-4323-824B-5145E74BE103}.Release|Any CPU.ActiveCfg = Release|Any CPU
		{4C6E8C47-C7D0-4323-824B-5145E74BE103}.Release|Any CPU.Build.0 = Release|Any CPU
		{B3404AC5-8077-4280-A705-6DED1981A579}.Debug|Any CPU.ActiveCfg = Debug|Any CPU
		{B3404AC5-8077-4280-A705-6DED1981A579}.Debug|Any CPU.Build.0 = Debug|Any CPU
		{B3404AC5-8077-4280-A705-6DED1981A579}.Release|Any CPU.ActiveCfg = Release|Any CPU
		{B3404AC5-8077-4280-A705-6DED1981A579}.Release|Any CPU.Build.0 = Release|Any CPU
		{01A0DED8-7833-426E-910F-3F6A62BF32A9}.Debug|Any CPU.ActiveCfg = Debug|Any CPU
		{01A0DED8-7833-426E-910F-3F6A62BF32A9}.Debug|Any CPU.Build.0 = Debug|Any CPU
		{01A0DED8-7833-426E-910F-3F6A62BF32A9}.Release|Any CPU.ActiveCfg = Release|Any CPU
		{01A0DED8-7833-426E-910F-3F6A62BF32A9}.Release|Any CPU.Build.0 = Release|Any CPU
	EndGlobalSection
	GlobalSection(NestedProjects) = preSolution
		{3826E7F9-445B-4127-8DB7-4342CAE19377} = {0489CFC2-3B73-43A4-A9B2-840E97F9C9E9}
		{9F0154BF-2ECB-4C4A-A388-1851B186363C} = {4C5C74D5-A33A-4151-B6F7-2987E71AB636}
		{2E002857-2528-439A-8912-1DAA7B5D0E3E} = {F0955708-54DD-4021-898B-D52F72AC4E4C}
		{28FD39BE-ADDD-4DE9-8B9F-13F4C2B7D682} = {F0955708-54DD-4021-898B-D52F72AC4E4C}
		{996E0C59-0635-4DE0-9C61-8BB955E5FE3E} = {8C630C77-990A-438A-9B81-06AE4D6905FD}
		{BB81DCD8-3349-44E6-A4B3-CD29AFFD9E25} = {60E66A19-B34E-4951-AA32-1C5C424F04F2}
		{45515EA3-EEDC-4587-B975-002B59EC3FF7} = {13971E75-BA4B-4C79-A6FF-BF287CC49CE2}
		{5B873717-E360-4E2D-8CE9-C495ED3DB800} = {7DD5502D-143F-48F1-86AB-A5E9C660FD82}
		{FC5FD07F-BCBE-4DB7-87A4-5109994A4E73} = {6DE83D5A-C2F9-44E0-987A-C933B50A9BF5}
		{AE9AD8BE-8A6E-4A7D-8BE0-C6FDCA8E0F0C} = {A05755FE-7D09-498C-8A9F-210BCDCC9EC8}
		{F8199A2A-3224-44C5-A342-2AFCC5B89BF1} = {5D9CEB83-1335-4ADE-8CE6-566DFF733941}
		{AED14E13-0C30-482F-896D-8C2813673150} = {F4FA6C03-E953-4E17-A3FC-A650F6B646B1}
		{B53B3001-F93E-4CB4-AB92-0AAFFD7B6FCC} = {60FFFBE2-2D61-4B09-AE91-08707DC6C991}
		{DB9E34A5-95D8-4703-B0C7-96258FDF5A2B} = {20F5A276-A561-4419-B1C4-9327B91BE3D7}
		{F52BBD62-A1EC-4BDF-B4BD-91CE4F36B6B8} = {516C9977-1AFA-4841-979C-3EF724A0678D}
		{A4E763C9-E5C7-4CBA-9AD1-E82FD77D52E5} = {33DC5CE7-F25F-4A6B-B009-AFD9C9C3E1DE}
		{1941E5DA-CCEA-44F6-B84B-D76F1C3F8A8E} = {037E6234-3FE2-4B16-B602-778BDEDDB2BC}
		{4C6E8C47-C7D0-4323-824B-5145E74BE103} = {95AD36C8-FA07-4D6D-B81F-B51DA0572CB2}
		{B3404AC5-8077-4280-A705-6DED1981A579} = {FBFC0FA8-B115-4288-8480-BF5FB9316831}
		{01A0DED8-7833-426E-910F-3F6A62BF32A9} = {39E1ACCC-58C2-4DB5-97A9-B92CAA0D4596}
	EndGlobalSection
EndGlobal
