
Microsoft Visual Studio Solution File, Format Version 12.00
Project("{2150E333-8FDC-42A3-9474-1A3956D46DE8}") = "HT_1", "HT_1", "{0489CFC2-3B73-43A4-A9B2-840E97F9C9E9}"
EndProject
Project("{FAE04EC0-301F-11D3-BF4B-00C04F79EFBC}") = "Home_Task_1", "Home_Task_1\Home_Task_1.csproj", "{3826E7F9-445B-4127-8DB7-4342CAE19377}"
EndProject
Project("{2150E333-8FDC-42A3-9474-1A3956D46DE8}") = "HT_10", "HT_10", "{4C5C74D5-A33A-4151-B6F7-2987E71AB636}"
EndProject
Project("{FAE04EC0-301F-11D3-BF4B-00C04F79EFBC}") = "HT_10", "HT_10\HT_10.csproj", "{9F0154BF-2ECB-4C4A-A388-1851B186363C}"
EndProject
Project("{2150E333-8FDC-42A3-9474-1A3956D46DE8}") = "HT_11", "HT_11", "{F0955708-54DD-4021-898B-D52F72AC4E4C}"
EndProject
Project("{FAE04EC0-301F-11D3-BF4B-00C04F79EFBC}") = "TodoList", "TodoList\TodoList.csproj", "{2E002857-2528-439A-8912-1DAA7B5D0E3E}"
EndProject
Project("{FAE04EC0-301F-11D3-BF4B-00C04F79EFBC}") = "MusicPlayer", "MusicPlayer\MusicPlayer.csproj", "{28FD39BE-ADDD-4DE9-8B9F-13F4C2B7D682}"
EndProject
Global
	GlobalSection(SolutionConfigurationPlatforms) = preSolution
		Debug|Any CPU = Debug|Any CPU
		Release|Any CPU = Release|Any CPU
	EndGlobalSection
	GlobalSection(ProjectConfigurationPlatforms) = postSolution
		{3826E7F9-445B-4127-8DB7-4342CAE19377}.Debug|Any CPU.ActiveCfg = Debug|Any CPU
		{3826E7F9-445B-4127-8DB7-4342CAE19377}.Debug|Any CPU.Build.0 = Debug|Any CPU
		{3826E7F9-445B-4127-8DB7-4342CAE19377}.Release|Any CPU.ActiveCfg = Release|Any CPU
		{3826E7F9-445B-4127-8DB7-4342CAE19377}.Release|Any CPU.Build.0 = Release|Any CPU
		{9F0154BF-2ECB-4C4A-A388-1851B186363C}.Debug|Any CPU.ActiveCfg = Debug|Any CPU
		{9F0154BF-2ECB-4C4A-A388-1851B186363C}.Debug|Any CPU.Build.0 = Debug|Any CPU
		{9F0154BF-2ECB-4C4A-A388-1851B186363C}.Release|Any CPU.ActiveCfg = Release|Any CPU
		{9F0154BF-2ECB-4C4A-A388-1851B186363C}.Release|Any CPU.Build.0 = Release|Any CPU
		{2E002857-2528-439A-8912-1DAA7B5D0E3E}.Debug|Any CPU.ActiveCfg = Debug|Any CPU
		{2E002857-2528-439A-8912-1DAA7B5D0E3E}.Debug|Any CPU.Build.0 = Debug|Any CPU
		{2E002857-2528-439A-8912-1DAA7B5D0E3E}.Release|Any CPU.ActiveCfg = Release|Any CPU
		{2E002857-2528-439A-8912-1DAA7B5D0E3E}.Release|Any CPU.Build.0 = Release|Any CPU
		{28FD39BE-ADDD-4DE9-8B9F-13F4C2B7D682}.Debug|Any CPU.ActiveCfg = Debug|Any CPU
		{28FD39BE-ADDD-4DE9-8B9F-13F4C2B7D682}.Debug|Any CPU.Build.0 = Debug|Any CPU
		{28FD39BE-ADDD-4DE9-8B9F-13F4C2B7D682}.Release|Any CPU.ActiveCfg = Release|Any CPU
		{28FD39BE-ADDD-4DE9-8B9F-13F4C2B7D682}.Release|Any CPU.Build.0 = Release|Any CPU
	EndGlobalSection
	GlobalSection(NestedProjects) = preSolution
		{3826E7F9-445B-4127-8DB7-4342CAE19377} = {0489CFC2-3B73-43A4-A9B2-840E97F9C9E9}
		{9F0154BF-2ECB-4C4A-A388-1851B186363C} = {4C5C74D5-A33A-4151-B6F7-2987E71AB636}
		{2E002857-2528-439A-8912-1DAA7B5D0E3E} = {F0955708-54DD-4021-898B-D52F72AC4E4C}
		{28FD39BE-ADDD-4DE9-8B9F-13F4C2B7D682} = {F0955708-54DD-4021-898B-D52F72AC4E4C}
	EndGlobalSection
EndGlobal
